
Microsoft Visual Studio Solution File, Format Version 11.00
# Visual Studio 2010
Project("{FAE04EC0-301F-11D3-BF4B-00C04F79EFBC}") = "AW_PROYECTO", "AW_PROYECTO\AW_PROYECTO.csproj", "{CC346394-C549-4379-A4A8-2663CA111989}"
EndProject
Global
	GlobalSection(SolutionConfigurationPlatforms) = preSolution
		Debug|Any CPU = Debug|Any CPU
		Release|Any CPU = Release|Any CPU
	EndGlobalSection
	GlobalSection(ProjectConfigurationPlatforms) = postSolution
		{CC346394-C549-4379-A4A8-2663CA111989}.Debug|Any CPU.ActiveCfg = Debug|Any CPU
		{CC346394-C549-4379-A4A8-2663CA111989}.Debug|Any CPU.Build.0 = Debug|Any CPU
		{CC346394-C549-4379-A4A8-2663CA111989}.Release|Any CPU.ActiveCfg = Release|Any CPU
		{CC346394-C549-4379-A4A8-2663CA111989}.Release|Any CPU.Build.0 = Release|Any CPU
	EndGlobalSection
	GlobalSection(SolutionProperties) = preSolution
		HideSolutionNode = FALSE
	EndGlobalSection
EndGlobal
